# --------------------------------------------------------------------------
#
# MiSTer project: Sun-3 Workstation (Sun-3/60C)
#
# WARNING WARNING WARNING:
# Do not add files to project in Quartus IDE! It will mess this file!
# Add the files manually to files.qip file.
#
# --------------------------------------------------------------------------

set_global_assignment -name TOP_LEVEL_ENTITY sys_top
set_global_assignment -name PARTITION_NETLIST_TYPE SOURCE -section_id Top
set_global_assignment -name PARTITION_FITTER_PRESERVATION_LEVEL PLACEMENT_AND_ROUTING -section_id Top
set_global_assignment -name PARTITION_COLOR 16764057 -section_id Top

set_global_assignment -name LAST_QUARTUS_VERSION "17.0.2 Lite Edition"

set_global_assignment -name GENERATE_RBF_FILE ON
set_global_assignment -name PROJECT_OUTPUT_DIRECTORY output_files
set_global_assignment -name NUM_PARALLEL_PROCESSORS ALL
set_global_assignment -name SAVE_DISK_SPACE OFF
set_global_assignment -name SMART_RECOMPILE ON
set_global_assignment -name MIN_CORE_JUNCTION_TEMP "-40"
set_global_assignment -name MAX_CORE_JUNCTION_TEMP 100
set_global_assignment -name POWER_PRESET_COOLING_SOLUTION "23 MM HEAT SINK WITH 200 LFPM AIRFLOW"
set_global_assignment -name POWER_BOARD_THERMAL_MODEL "NONE (CONSERVATIVE)"
set_global_assignment -name TIMEQUEST_MULTICORNER_ANALYSIS OFF
set_global_assignment -name OPTIMIZE_POWER_DURING_FITTING OFF
set_global_assignment -name FINAL_PLACEMENT_OPTIMIZATION ALWAYS
set_global_assignment -name FITTER_EFFORT "STANDARD FIT"
set_global_assignment -name OPTIMIZATION_MODE "HIGH PERFORMANCE EFFORT"
set_global_assignment -name ALLOW_POWER_UP_DONT_CARE ON
set_global_assignment -name QII_AUTO_PACKED_REGISTERS NORMAL
set_global_assignment -name ROUTER_LCELL_INSERTION_AND_LOGIC_DUPLICATION ON
set_global_assignment -name PHYSICAL_SYNTHESIS_COMBO_LOGIC ON
set_global_assignment -name PHYSICAL_SYNTHESIS_REGISTER_DUPLICATION ON
set_global_assignment -name PHYSICAL_SYNTHESIS_REGISTER_RETIMING ON
set_global_assignment -name OPTIMIZATION_TECHNIQUE SPEED
set_global_assignment -name MUX_RESTRUCTURE ON
set_global_assignment -name REMOVE_REDUNDANT_LOGIC_CELLS ON
set_global_assignment -name AUTO_DELAY_CHAINS_FOR_HIGH_FANOUT_INPUT_PINS ON
set_global_assignment -name PHYSICAL_SYNTHESIS_COMBO_LOGIC_FOR_AREA ON
set_global_assignment -name ADV_NETLIST_OPT_SYNTH_WYSIWYG_REMAP ON
set_global_assignment -name SYNTH_GATED_CLOCK_CONVERSION ON
set_global_assignment -name PRE_MAPPING_RESYNTHESIS ON
set_global_assignment -name ROUTER_CLOCKING_TOPOLOGY_ANALYSIS ON
set_global_assignment -name ECO_OPTIMIZE_TIMING ON
set_global_assignment -name PERIPHERY_TO_CORE_PLACEMENT_AND_ROUTING_OPTIMIZATION ON
set_global_assignment -name PHYSICAL_SYNTHESIS_ASYNCHRONOUS_SIGNAL_PIPELINING ON
set_global_assignment -name ALM_REGISTER_PACKING_EFFORT MEDIUM
set_global_assignment -name SEED 2

#set_global_assignment -name VERILOG_MACRO "MISTER_FB=1"

#enable it only if 8bit indexed mode is used in core
#set_global_assignment -name VERILOG_MACRO "MISTER_FB_PALETTE=1"

#do not enable DEBUG_NOHDMI in release!
#set_global_assignment -name VERILOG_MACRO "MISTER_DEBUG_NOHDMI=1"

# disable bilinear filtering when downscaling
#set_global_assignment -name VERILOG_MACRO "MISTER_DOWNSCALE_NN=1"

# disable adaptive scanline filtering
#set_global_assignment -name VERILOG_MACRO "MISTER_DISABLE_ADAPTIVE=1"

#use only 1MB per frame for scaler to free ~21MB DDR3 RAM
#set_global_assignment -name VERILOG_MACRO "MISTER_SMALL_VBUF=1"

# Disable YC / Composite output to save some resources
#set_global_assignment -name VERILOG_MACRO "MISTER_DISABLE_YC=1"

# Disable ALSA audio output to save some resources
#set_global_assignment -name VERILOG_MACRO "MISTER_DISABLE_ALSA=1"

# --------------------------------------------------------------------------
# The machine.  This is the whole hardware configuration and it is fixed:
# change it here and nowhere else (docs/hardware.md says what it is, and why).
# Every macro is one rtl/sun3/sun3_config.vh documents.
#
#   Sun-3/60: RD68021 at 20 MHz (the PLL sets it; SUN3_CPU_HZ must match, the
#     TOD chip divides it) with an RD68884 MC68881 at CpID 1
#   24 MiB of main memory on the SDRAM board, behind the cached FIFO bridge
#   the boot PROM is NOT in the bitstream: the user supplies it as
#     games/Sun-3/boot0.rom (a 3/60 PROM patched for no parity, tools/), and
#     Main_MiSTer sends it on ioctl index 0 at start-up
#   the ID PROM may be overwritten from boot1.rom (ioctl index 64)
#   the on-board SCSI: sd0 and sd1 (SUN3_SD1) on MiSTer disk images, st0 an
#     Emulex MT-02 QIC tape on a .qic image (SUN3_TAPE); the bw2 on HDMI, the
#     console: the EEPROM names the screen and keyboard (SUN3_FB_CONSOLE)
#   the TOD chip set from MiSTer's clock (SUN3_TOD_LOAD)
#   the EEPROM kept in an image file on the OSD's EEPROM slot (SUN3_EEPROM_SAVE)
#   no bus trace (8 block RAMs; a bench aid on the Wukong and the DECA)
#
# Plain names only: a sized literal does not survive VERILOG_MACRO.
# --------------------------------------------------------------------------
set_global_assignment -name VERILOG_MACRO "SUN3_QUARTUS=1"
set_global_assignment -name VERILOG_MACRO "SUN3_CPU_RD68021=1"
set_global_assignment -name VERILOG_MACRO "SUN3_CPU_HZ=20000000"
set_global_assignment -name VERILOG_MACRO "SUN3_FPU=1"
set_global_assignment -name VERILOG_MACRO "SUN3_MEM_MIB=24"
set_global_assignment -name VERILOG_MACRO "SUN3_WB_FIFO=1"
set_global_assignment -name VERILOG_MACRO "SUN3_WB_CACHE=1"
set_global_assignment -name VERILOG_MACRO "SUN3_ETH_WISH7990=1"
set_global_assignment -name VERILOG_MACRO "SUN3_SCSI=1"
set_global_assignment -name VERILOG_MACRO "SUN3_TAPE=1"
set_global_assignment -name VERILOG_MACRO "SUN3_SD1=1"
set_global_assignment -name VERILOG_MACRO "SUN3_CG4=1"
set_global_assignment -name VERILOG_MACRO "SUN3_FB_CONSOLE=1"
set_global_assignment -name VERILOG_MACRO "SUN3_TOD_LOAD=1"
set_global_assignment -name VERILOG_MACRO "SUN3_TOD_TICK_HZ=1000000"
set_global_assignment -name VERILOG_MACRO "SUN3_BOOTROM_LOAD=1"
set_global_assignment -name VERILOG_MACRO "SUN3_IDPROM_LOAD=1"
set_global_assignment -name VERILOG_MACRO "SUN3_EEPROM_SAVE=1"
set_global_assignment -name VERILOG_MACRO "SUN3_NO_BUS_TRACE=1"
set_global_assignment -name VERILOG_MACRO "SUN3_NO_FAULT_LOG=1"

# `include search path: sun3_config.vh and sun3_attr.vh.
set_global_assignment -name SEARCH_PATH rtl/sun3

# Carried over from Sun-3_FPGA's DECA flow, the other Quartus build of this
# machine.  Quartus refuses a constant loop of more than 5000 iterations (Error
# 10106: the EEPROM's preload), and has no per-register ASYNC_REG;
# sun3_attr.vh relies on the global one.
set_global_assignment -name VERILOG_CONSTANT_LOOP_LIMIT 65536
set_global_assignment -name SYNCHRONIZER_IDENTIFICATION "FORCED IF ASYNCHRONOUS"

# Global clocks are scarce for the main PLL, at the right edge of the die
# (Sun-2_MiSTer's Sun-2.qsf has the story): only clk_mem, cpu_clk and clk_pix
# get one; clk_mii gets a regional clock, which its few registers can live
# with, and forcing it global once pushed cpu_clk off one.  It has the Sun-2's
# four outputs, in the Sun-2's order, and no more.  (cpu_clk cannot have a PLL
# of its own: the 50 MHz pins reach three fractional PLLs, and HDMI and the
# serial clock have two.)  DDRAM_CLK is clk_mem.  Check "Global & Other Fast
# Signals" in the fit report after every build: cpu_clk must be on a GCLK.

source sys/sys.tcl
source sys/sys_analog.tcl
source files.qip
set_instance_assignment -name PARTITION_HIERARCHY root_partition -to | -section_id Top